// !$*UTF8*$!
{
	archiveVersion = 1;
	classes = {
	};
	objectVersion = 50;
	objects = {

/* Begin PBXBuildFile section */
		C1814AFA26AFA07A002E7F88 /* AppDelegate.swift in Sources */ = {isa = PBXBuildFile; fileRef = C1814AF926AFA07A002E7F88 /* AppDelegate.swift */; };
		C1814AFC26AFA07A002E7F88 /* SceneDelegate.swift in Sources */ = {isa = PBXBuildFile; fileRef = C1814AFB26AFA07A002E7F88 /* SceneDelegate.swift */; };
		C1814AFE26AFA07A002E7F88 /* ViewController.swift in Sources */ = {isa = PBXBuildFile; fileRef = C1814AFD26AFA07A002E7F88 /* ViewController.swift */; };
		C1814B0126AFA07A002E7F88 /* Main.storyboard in Resources */ = {isa = PBXBuildFile; fileRef = C1814AFF26AFA07A002E7F88 /* Main.storyboard */; };
		C1814B0326AFA07B002E7F88 /* Assets.xcassets in Resources */ = {isa = PBXBuildFile; fileRef = C1814B0226AFA07B002E7F88 /* Assets.xcassets */; };
		C1814B0626AFA07B002E7F88 /* LaunchScreen.storyboard in Resources */ = {isa = PBXBuildFile; fileRef = C1814B0426AFA07B002E7F88 /* LaunchScreen.storyboard */; };
/* End PBXBuildFile section */

/* Begin PBXFileReference section */
		C1814AF626AFA07A002E7F88 /* EcoShipShare.app */ = {isa = PBXFileReference; explicitFileType = wrapper.application; includeInIndex = 0; path = EcoShipShare.app; sourceTree = BUILT_PRODUCTS_DIR; };
		C1814AF926AFA07A002E7F88 /* AppDelegate.swift */ = {isa = PBXFileReference; lastKnownFileType = sourcecode.swift; path = AppDelegate.swift; sourceTree = "<group>"; };
		C1814AFB26AFA07A002E7F88 /* SceneDelegate.swift */ = {isa = PBXFileReference; lastKnownFileType = sourcecode.swift; path = SceneDelegate.swift; sourceTree = "<group>"; };
		C1814AFD26AFA07A002E7F88 /* ViewController.swift */ = {isa = PBXFileReference; lastKnownFileType = sourcecode.swift; path = ViewController.swift; sourceTree = "<group>"; };
		C1814B0026AFA07A002E7F88 /* Base */ = {isa = PBXFileReference; lastKnownFileType = file.storyboard; name = Base; path = Base.lproj/Main.storyboard; sourceTree = "<group>"; };
		C1814B0226AFA07B002E7F88 /* Assets.xcassets */ = {isa = PBXFileReference; lastKnownFileType = folder.assetcatalog; path = Assets.xcassets; sourceTree = "<group>"; };
		C1814B0526AFA07B002E7F88 /* Base */ = {isa = PBXFileReference; lastKnownFileType = file.storyboard; name = Base; path = Base.lproj/LaunchScreen.storyboard; sourceTree = "<group>"; };
		C1814B0726AFA07B002E7F88 /* Info.plist */ = {isa = PBXFileReference; lastKnownFileType = text.plist.xml; path = Info.plist; sourceTree = "<group>"; };
/* End PBXFileReference section */

/* Begin PBXFrameworksBuildPhase section */
		C1814AF326AFA07A002E7F88 /* Frameworks */ = {
			isa = PBXFrameworksBuildPhase;
			buildActionMask = 2147483647;
			files = (
			);
			runOnlyForDeploymentPostprocessing = 0;
		};
/* End PBXFrameworksBuildPhase section */

/* Begin PBXGroup section */
		C1814AED26AFA07A002E7F88 = {
			isa = PBXGroup;
			children = (
				C1814AF826AFA07A002E7F88 /* EcoShipShare */,
				C1814AF726AFA07A002E7F88 /* Products */,
			);
			sourceTree = "<group>";
		};
		C1814AF726AFA07A002E7F88 /* Products */ = {
			isa = PBXGroup;
			children = (
				C1814AF626AFA07A002E7F88 /* EcoShipShare.app */,
			);
			name = Products;
			sourceTree = "<group>";
		};
		C1814AF826AFA07A002E7F88 /* EcoShipShare */ = {
			isa = PBXGroup;
			children = (
				C1814AF926AFA07A002E7F88 /* AppDelegate.swift */,
				C1814AFB26AFA07A002E7F88 /* SceneDelegate.swift */,
				C1814AFD26AFA07A002E7F88 /* ViewController.swift */,
				C1814AFF26AFA07A002E7F88 /* Main.storyboard */,
				C1814B0226AFA07B002E7F88 /* Assets.xcassets */,
				C1814B0426AFA07B002E7F88 /* LaunchScreen.storyboard */,
				C1814B0726AFA07B002E7F88 /* Info.plist */,
			);
			path = EcoShipShare;
			sourceTree = "<group>";
		};
/* End PBXGroup section */

/* Begin PBXNativeTarget section */
		C1814AF526AFA07A002E7F88 /* EcoShipShare */ = {
			isa = PBXNativeTarget;
			buildConfigurationList = C1814B0A26AFA07B002E7F88 /* Build configuration list for PBXNativeTarget "EcoShipShare" */;
			buildPhases = (
				C1814AF226AFA07A002E7F88 /* Sources */,
				C1814AF326AFA07A002E7F88 /* Frameworks */,
				C1814AF426AFA07A002E7F88 /* Resources */,
			);
			buildRules = (
			);
			dependencies = (
			);
			name = EcoShipShare;
			productName = EcoShipShare;
			productReference = C1814AF626AFA07A002E7F88 /* EcoShipShare.app */;
			productType = "com.apple.product-type.application";
		};
/* End PBXNativeTarget section */

/* Begin PBXProject section */
		C1814AEE26AFA07A002E7F88 /* Project object */ = {
			isa = PBXProject;
			attributes = {
				LastSwiftUpdateCheck = 1130;
				LastUpgradeCheck = 1130;
				ORGANIZATIONNAME = "JŌNNY MĪYĀGĪ";
				TargetAttributes = {
					C1814AF526AFA07A002E7F88 = {
						CreatedOnToolsVersion = 11.3.1;
					};
				};
			};
			buildConfigurationList = C1814AF126AFA07A002E7F88 /* Build configuration list for PBXProject "EcoShipShare" */;
			compatibilityVersion = "Xcode 9.3";
			developmentRegion = en;
			hasScannedForEncodings = 0;
			knownRegions = (
				en,
				Base,
			);
			mainGroup = C1814AED26AFA07A002E7F88;
			productRefGroup = C1814AF726AFA07A002E7F88 /* Products */;
			projectDirPath = "";
			projectRoot = "";
			targets = (
				C1814AF526AFA07A002E7F88 /* EcoShipShare */,
			);
		};
/* End PBXProject section */

/* Begin PBXResourcesBuildPhase section */
		C1814AF426AFA07A002E7F88 /* Resources */ = {
			isa = PBXResourcesBuildPhase;
			buildActionMask = 2147483647;
			files = (
				C1814B0626AFA07B002E7F88 /* LaunchScreen.storyboard in Resources */,
				C1814B0326AFA07B002E7F88 /* Assets.xcassets in Resources */,
				C1814B0126AFA07A002E7F88 /* Main.storyboard in Resources */,
			);
			runOnlyForDeploymentPostprocessing = 0;
		};
/* End PBXResourcesBuildPhase section */

/* Begin PBXSourcesBuildPhase section */
		C1814AF226AFA07A002E7F88 /* Sources */ = {
			isa = PBXSourcesBuildPhase;
			buildActionMask = 2147483647;
			files = (
				C1814AFE26AFA07A002E7F88 /* ViewController.swift in Sources */,
				C1814AFA26AFA07A002E7F88 /* AppDelegate.swift in Sources */,
				C1814AFC26AFA07A002E7F88 /* SceneDelegate.swift in Sources */,
			);
			runOnlyForDeploymentPostprocessing = 0;
		};
/* End PBXSourcesBuildPhase section */

/* Begin PBXVariantGroup section */
		C1814AFF26AFA07A002E7F88 /* Main.storyboard */ = {
			isa = PBXVariantGroup;
			children = (
				C1814B0026AFA07A002E7F88 /* Base */,
			);
			name = Main.storyboard;
			sourceTree = "<group>";
		};
		C1814B0426AFA07B002E7F88 /* LaunchScreen.storyboard */ = {
			isa = PBXVariantGroup;
			children = (
				C1814B0526AFA07B002E7F88 /* Base */,
			);
			name = LaunchScreen.storyboard;
			sourceTree = "<group>";
		};
/* End PBXVariantGroup section */

/* Begin XCBuildConfiguration section */
		C1814B0826AFA07B002E7F88 /* Debug */ = {
			isa = XCBuildConfiguration;
			buildSettings = {
				ALWAYS_SEARCH_USER_PATHS = NO;
				CLANG_ANALYZER_NONNULL = YES;
				CLANG_ANALYZER_NUMBER_OBJECT_CONVERSION = YES_AGGRESSIVE;
				CLANG_CXX_LANGUAGE_STANDARD = "gnu++14";
				CLANG_CXX_LIBRARY = "libc++";
				CLANG_ENABLE_MODULES = YES;
				CLANG_ENABLE_OBJC_ARC = YES;
				CLANG_ENABLE_OBJC_WEAK = YES;
				CLANG_WARN_BLOCK_CAPTURE_AUTORELEASING = YES;
				CLANG_WARN_BOOL_CONVERSION = YES;
				CLANG_WARN_COMMA = YES;
				CLANG_WARN_CONSTANT_CONVERSION = YES;
				CLANG_WARN_DEPRECATED_OBJC_IMPLEMENTATIONS = YES;
				CLANG_WARN_DIRECT_OBJC_ISA_USAGE = YES_ERROR;
				CLANG_WARN_DOCUMENTATION_COMMENTS = YES;
				CLANG_WARN_EMPTY_BODY = YES;
				CLANG_WARN_ENUM_CONVERSION = YES;
				CLANG_WARN_INFINITE_RECURSION = YES;
				CLANG_WARN_INT_CONVERSION = YES;
				CLANG_WARN_NON_LITERAL_NULL_CONVERSION = YES;
				CLANG_WARN_OBJC_IMPLICIT_RETAIN_SELF = YES;
				CLANG_WARN_OBJC_LITERAL_CONVERSION = YES;
				CLANG_WARN_OBJC_ROOT_CLASS = YES_ERROR;
				CLANG_WARN_RANGE_LOOP_ANALYSIS = YES;
				CLANG_WARN_STRICT_PROTOTYPES = YES;
				CLANG_WARN_SUSPICIOUS_MOVE = YES;
				CLANG_WARN_UNGUARDED_AVAILABILITY = YES_AGGRESSIVE;
				CLANG_WARN_UNREACHABLE_CODE = YES;
				CLANG_WARN__DUPLICATE_METHOD_MATCH = YES;
				COPY_PHASE_STRIP = NO;
				DEBUG_INFORMATION_FORMAT = dwarf;
				ENABLE_STRICT_OBJC_MSGSEND = YES;
				ENABLE_TESTABILITY = YES;
				GCC_C_LANGUAGE_STANDARD = gnu11;
				GCC_DYNAMIC_NO_PIC = NO;
				GCC_NO_COMMON_BLOCKS = YES;
				GCC_OPTIMIZATION_LEVEL = 0;
				GCC_PREPROCESSOR_DEFINITIONS = (
					"DEBUG=1",
					"$(inherited)",
				);
				GCC_WARN_64_TO_32_BIT_CONVERSION = YES;
				GCC_WARN_ABOUT_RETURN_TYPE = YES_ERROR;
				GCC_WARN_UNDECLARED_SELECTOR = YES;
				GCC_WARN_UNINITIALIZED_AUTOS = YES_AGGRESSIVE;
				GCC_WARN_UNUSED_FUNCTION = YES;
				GCC_WARN_UNUSED_VARIABLE = YES;
				IPHONEOS_DEPLOYMENT_TARGET = 13.2;
				MTL_ENABLE_DEBUG_INFO = INCLUDE_SOURCE;
				MTL_FAST_MATH = YES;
				ONLY_ACTIVE_ARCH = YES;
				SDKROOT = iphoneos;
				SWIFT_ACTIVE_COMPILATION_CONDITIONS = DEBUG;
				SWIFT_OPTIMIZATION_LEVEL = "-Onone";
			};
			name = Debug;
		};
		C1814B0926AFA07B002E7F88 /* Release */ = {
			isa = XCBuildConfiguration;
			buildSettings = {
				ALWAYS_SEARCH_USER_PATHS = NO;
				CLANG_ANALYZER_NONNULL = YES;
				CLANG_ANALYZER_NUMBER_OBJECT_CONVERSION = YES_AGGRESSIVE;
				CLANG_CXX_LANGUAGE_STANDARD = "gnu++14";
				CLANG_CXX_LIBRARY = "libc++";
				CLANG_ENABLE_MODULES = YES;
				CLANG_ENABLE_OBJC_ARC = YES;
				CLANG_ENABLE_OBJC_WEAK = YES;
				CLANG_WARN_BLOCK_CAPTURE_AUTORELEASING = YES;
				CLANG_WARN_BOOL_CONVERSION = YES;
				CLANG_WARN_COMMA = YES;
				CLANG_WARN_CONSTANT_CONVERSION = YES;
				CLANG_WARN_DEPRECATED_OBJC_IMPLEMENTATIONS = YES;
				CLANG_WARN_DIRECT_OBJC_ISA_USAGE = YES_ERROR;
				CLANG_WARN_DOCUMENTATION_COMMENTS = YES;
				CLANG_WARN_EMPTY_BODY = YES;
				CLANG_WARN_ENUM_CONVERSION = YES;
				CLANG_WARN_INFINITE_RECURSION = YES;
				CLANG_WARN_INT_CONVERSION = YES;
				CLANG_WARN_NON_LITERAL_NULL_CONVERSION = YES;
				CLANG_WARN_OBJC_IMPLICIT_RETAIN_SELF = YES;
				CLANG_WARN_OBJC_LITERAL_CONVERSION = YES;
				CLANG_WARN_OBJC_ROOT_CLASS = YES_ERROR;
				CLANG_WARN_RANGE_LOOP_ANALYSIS = YES;
				CLANG_WARN_STRICT_PROTOTYPES = YES;
				CLANG_WARN_SUSPICIOUS_MOVE = YES;
				CLANG_WARN_UNGUARDED_AVAILABILITY = YES_AGGRESSIVE;
				CLANG_WARN_UNREACHABLE_CODE = YES;
				CLANG_WARN__DUPLICATE_METHOD_MATCH = YES;
				COPY_PHASE_STRIP = NO;
				DEBUG_INFORMATION_FORMAT = "dwarf-with-dsym";
				ENABLE_NS_ASSERTIONS = NO;
				ENABLE_STRICT_OBJC_MSGSEND = YES;
				GCC_C_LANGUAGE_STANDARD = gnu11;
				GCC_NO_COMMON_BLOCKS = YES;
				GCC_WARN_64_TO_32_BIT_CONVERSION = YES;
				GCC_WARN_ABOUT_RETURN_TYPE = YES_ERROR;
				GCC_WARN_UNDECLARED_SELECTOR = YES;
				GCC_WARN_UNINITIALIZED_AUTOS = YES_AGGRESSIVE;
				GCC_WARN_UNUSED_FUNCTION = YES;
				GCC_WARN_UNUSED_VARIABLE = YES;
				IPHONEOS_DEPLOYMENT_TARGET = 13.2;
				MTL_ENABLE_DEBUG_INFO = NO;
				MTL_FAST_MATH = YES;
				SDKROOT = iphoneos;
				SWIFT_COMPILATION_MODE = wholemodule;
				SWIFT_OPTIMIZATION_LEVEL = "-O";
				VALIDATE_PRODUCT = YES;
			};
			name = Release;
		};
		C1814B0B26AFA07B002E7F88 /* Debug */ = {
			isa = XCBuildConfiguration;
			buildSettings = {
				ASSETCATALOG_COMPILER_APPICON_NAME = AppIcon;
				CODE_SIGN_STYLE = Automatic;
				DEVELOPMENT_TEAM = 9M8ASL7MZ2;
				INFOPLIST_FILE = EcoShipShare/Info.plist;
				LD_RUNPATH_SEARCH_PATHS = (
					"$(inherited)",
					"@executable_path/Frameworks",
				);
				PRODUCT_BUNDLE_IDENTIFIER = io.EcoShip.EcoShipShare;
				PRODUCT_NAME = "$(TARGET_NAME)";
				SWIFT_VERSION = 5.0;
				TARGETED_DEVICE_FAMILY = "1,2";
			};
			name = Debug;
		};
		C1814B0C26AFA07B002E7F88 /* Release */ = {
			isa = XCBuildConfiguration;
			buildSettings = {
				ASSETCATALOG_COMPILER_APPICON_NAME = AppIcon;
				CODE_SIGN_STYLE = Automatic;
				DEVELOPMENT_TEAM = 9M8ASL7MZ2;
				INFOPLIST_FILE = EcoShipShare/Info.plist;
				LD_RUNPATH_SEARCH_PATHS = (
					"$(inherited)",
					"@executable_path/Frameworks",
				);
				PRODUCT_BUNDLE_IDENTIFIER = io.EcoShip.EcoShipShare;
				PRODUCT_NAME = "$(TARGET_NAME)";
				SWIFT_VERSION = 5.0;
				TARGETED_DEVICE_FAMILY = "1,2";
			};
			name = Release;
		};
/* End XCBuildConfiguration section */

/* Begin XCConfigurationList section */
		C1814AF126AFA07A002E7F88 /* Build configuration list for PBXProject "EcoShipShare" */ = {
			isa = XCConfigurationList;
			buildConfigurations = (
				C1814B0826AFA07B002E7F88 /* Debug */,
				C1814B0926AFA07B002E7F88 /* Release */,
			);
			defaultConfigurationIsVisible = 0;
			defaultConfigurationName = Release;
		};
		C1814B0A26AFA07B002E7F88 /* Build configuration list for PBXNativeTarget "EcoShipShare" */ = {
			isa = XCConfigurationList;
			buildConfigurations = (
				C1814B0B26AFA07B002E7F88 /* Debug */,
				C1814B0C26AFA07B002E7F88 /* Release */,
			);
			defaultConfigurationIsVisible = 0;
			defaultConfigurationName = Release;
		};
/* End XCConfigurationList section */
	};
	rootObject = C1814AEE26AFA07A002E7F88 /* Project object */;
}
